
Microsoft Visual Studio Solution File, Format Version 12.00
# Visual Studio Version 17
VisualStudioVersion = 17.7.34031.279
MinimumVisualStudioVersion = 10.0.40219.1
Project("{FAE04EC0-301F-11D3-BF4B-00C04F79EFBC}") = "Scraper v2", "Scraper v2\Scraper v2.csproj", "{1B5D3A73-64F5-4B26-8DF4-E7889B5ED211}"
EndProject
Global
	GlobalSection(SolutionConfigurationPlatforms) = preSolution
		Debug|Any CPU = Debug|Any CPU
		Release|Any CPU = Release|Any CPU
	EndGlobalSection
	GlobalSection(ProjectConfigurationPlatforms) = postSolution
		{1B5D3A73-64F5-4B26-8DF4-E7889B5ED211}.Debug|Any CPU.ActiveCfg = Debug|Any CPU
		{1B5D3A73-64F5-4B26-8DF4-E7889B5ED211}.Debug|Any CPU.Build.0 = Debug|Any CPU
		{1B5D3A73-64F5-4B26-8DF4-E7889B5ED211}.Release|Any CPU.ActiveCfg = Release|Any CPU
		{1B5D3A73-64F5-4B26-8DF4-E7889B5ED211}.Release|Any CPU.Build.0 = Release|Any CPU
	EndGlobalSection
	GlobalSection(SolutionProperties) = preSolution
		HideSolutionNode = FALSE
	EndGlobalSection
	GlobalSection(ExtensibilityGlobals) = postSolution
		SolutionGuid = {49D7BBA7-B885-4567-86FE-0957A18BD67F}
	EndGlobalSection
EndGlobal
